// !$*UTF8*$!
{
	archiveVersion = 1;
	classes = {
	};
	objectVersion = 50;
	objects = {

/* Begin PBXBuildFile section */
		6FDAE8C92580B5100002A3E9 /* AppDelegate.swift in Sources */ = {isa = PBXBuildFile; fileRef = 6FDAE8C82580B5100002A3E9 /* AppDelegate.swift */; };
		6FDAE8CB2580B5100002A3E9 /* SceneDelegate.swift in Sources */ = {isa = PBXBuildFile; fileRef = 6FDAE8CA2580B5100002A3E9 /* SceneDelegate.swift */; };
		6FDAE8CD2580B5100002A3E9 /* ViewController.swift in Sources */ = {isa = PBXBuildFile; fileRef = 6FDAE8CC2580B5100002A3E9 /* ViewController.swift */; };
		6FDAE8D22580B5110002A3E9 /* Assets.xcassets in Resources */ = {isa = PBXBuildFile; fileRef = 6FDAE8D12580B5110002A3E9 /* Assets.xcassets */; };
		6FDAE8D52580B5110002A3E9 /* LaunchScreen.storyboard in Resources */ = {isa = PBXBuildFile; fileRef = 6FDAE8D32580B5110002A3E9 /* LaunchScreen.storyboard */; };
		6FDAE8E02580B5110002A3E9 /* ScreenXpressTests.swift in Sources */ = {isa = PBXBuildFile; fileRef = 6FDAE8DF2580B5110002A3E9 /* ScreenXpressTests.swift */; };
		6FDAE8EB2580B5110002A3E9 /* ScreenXpressUITests.swift in Sources */ = {isa = PBXBuildFile; fileRef = 6FDAE8EA2580B5110002A3E9 /* ScreenXpressUITests.swift */; };
		6FDB0D472581FFE500B3B46F /* OnboardingPage.swift in Sources */ = {isa = PBXBuildFile; fileRef = 6FDB0D462581FFE500B3B46F /* OnboardingPage.swift */; };
		6FDB0D572582005F00B3B46F /* SXButton.swift in Sources */ = {isa = PBXBuildFile; fileRef = 6FDB0D562582005F00B3B46F /* SXButton.swift */; };
/* End PBXBuildFile section */

/* Begin PBXContainerItemProxy section */
		6FDAE8DC2580B5110002A3E9 /* PBXContainerItemProxy */ = {
			isa = PBXContainerItemProxy;
			containerPortal = 6FDAE8BD2580B5100002A3E9 /* Project object */;
			proxyType = 1;
			remoteGlobalIDString = 6FDAE8C42580B5100002A3E9;
			remoteInfo = ScreenXpress;
		};
		6FDAE8E72580B5110002A3E9 /* PBXContainerItemProxy */ = {
			isa = PBXContainerItemProxy;
			containerPortal = 6FDAE8BD2580B5100002A3E9 /* Project object */;
			proxyType = 1;
			remoteGlobalIDString = 6FDAE8C42580B5100002A3E9;
			remoteInfo = ScreenXpress;
		};
/* End PBXContainerItemProxy section */

/* Begin PBXFileReference section */
		6FDAE8C52580B5100002A3E9 /* ScreenXpress.app */ = {isa = PBXFileReference; explicitFileType = wrapper.application; includeInIndex = 0; path = ScreenXpress.app; sourceTree = BUILT_PRODUCTS_DIR; };
		6FDAE8C82580B5100002A3E9 /* AppDelegate.swift */ = {isa = PBXFileReference; lastKnownFileType = sourcecode.swift; path = AppDelegate.swift; sourceTree = "<group>"; };
		6FDAE8CA2580B5100002A3E9 /* SceneDelegate.swift */ = {isa = PBXFileReference; lastKnownFileType = sourcecode.swift; path = SceneDelegate.swift; sourceTree = "<group>"; };
		6FDAE8CC2580B5100002A3E9 /* ViewController.swift */ = {isa = PBXFileReference; lastKnownFileType = sourcecode.swift; path = ViewController.swift; sourceTree = "<group>"; };
		6FDAE8D12580B5110002A3E9 /* Assets.xcassets */ = {isa = PBXFileReference; lastKnownFileType = folder.assetcatalog; path = Assets.xcassets; sourceTree = "<group>"; };
		6FDAE8D42580B5110002A3E9 /* Base */ = {isa = PBXFileReference; lastKnownFileType = file.storyboard; name = Base; path = Base.lproj/LaunchScreen.storyboard; sourceTree = "<group>"; };
		6FDAE8D62580B5110002A3E9 /* Info.plist */ = {isa = PBXFileReference; lastKnownFileType = text.plist.xml; path = Info.plist; sourceTree = "<group>"; };
		6FDAE8DB2580B5110002A3E9 /* ScreenXpressTests.xctest */ = {isa = PBXFileReference; explicitFileType = wrapper.cfbundle; includeInIndex = 0; path = ScreenXpressTests.xctest; sourceTree = BUILT_PRODUCTS_DIR; };
		6FDAE8DF2580B5110002A3E9 /* ScreenXpressTests.swift */ = {isa = PBXFileReference; lastKnownFileType = sourcecode.swift; path = ScreenXpressTests.swift; sourceTree = "<group>"; };
		6FDAE8E12580B5110002A3E9 /* Info.plist */ = {isa = PBXFileReference; lastKnownFileType = text.plist.xml; path = Info.plist; sourceTree = "<group>"; };
		6FDAE8E62580B5110002A3E9 /* ScreenXpressUITests.xctest */ = {isa = PBXFileReference; explicitFileType = wrapper.cfbundle; includeInIndex = 0; path = ScreenXpressUITests.xctest; sourceTree = BUILT_PRODUCTS_DIR; };
		6FDAE8EA2580B5110002A3E9 /* ScreenXpressUITests.swift */ = {isa = PBXFileReference; lastKnownFileType = sourcecode.swift; path = ScreenXpressUITests.swift; sourceTree = "<group>"; };
		6FDAE8EC2580B5110002A3E9 /* Info.plist */ = {isa = PBXFileReference; lastKnownFileType = text.plist.xml; path = Info.plist; sourceTree = "<group>"; };
		6FDB0D462581FFE500B3B46F /* OnboardingPage.swift */ = {isa = PBXFileReference; lastKnownFileType = sourcecode.swift; path = OnboardingPage.swift; sourceTree = "<group>"; };
		6FDB0D562582005F00B3B46F /* SXButton.swift */ = {isa = PBXFileReference; lastKnownFileType = sourcecode.swift; path = SXButton.swift; sourceTree = "<group>"; };
/* End PBXFileReference section */

/* Begin PBXFrameworksBuildPhase section */
		6FDAE8C22580B5100002A3E9 /* Frameworks */ = {
			isa = PBXFrameworksBuildPhase;
			buildActionMask = 2147483647;
			files = (
			);
			runOnlyForDeploymentPostprocessing = 0;
		};
		6FDAE8D82580B5110002A3E9 /* Frameworks */ = {
			isa = PBXFrameworksBuildPhase;
			buildActionMask = 2147483647;
			files = (
			);
			runOnlyForDeploymentPostprocessing = 0;
		};
		6FDAE8E32580B5110002A3E9 /* Frameworks */ = {
			isa = PBXFrameworksBuildPhase;
			buildActionMask = 2147483647;
			files = (
			);
			runOnlyForDeploymentPostprocessing = 0;
		};
/* End PBXFrameworksBuildPhase section */

/* Begin PBXGroup section */
		6FDAE8BC2580B5100002A3E9 = {
			isa = PBXGroup;
			children = (
				6FDAE8C72580B5100002A3E9 /* ScreenXpress */,
				6FDAE8DE2580B5110002A3E9 /* ScreenXpressTests */,
				6FDAE8E92580B5110002A3E9 /* ScreenXpressUITests */,
				6FDAE8C62580B5100002A3E9 /* Products */,
			);
			sourceTree = "<group>";
		};
		6FDAE8C62580B5100002A3E9 /* Products */ = {
			isa = PBXGroup;
			children = (
				6FDAE8C52580B5100002A3E9 /* ScreenXpress.app */,
				6FDAE8DB2580B5110002A3E9 /* ScreenXpressTests.xctest */,
				6FDAE8E62580B5110002A3E9 /* ScreenXpressUITests.xctest */,
			);
			name = Products;
			sourceTree = "<group>";
		};
		6FDAE8C72580B5100002A3E9 /* ScreenXpress */ = {
			isa = PBXGroup;
			children = (
				6FDB0D432581FEB200B3B46F /* Model */,
				6FDB0D442581FEB900B3B46F /* View */,
				6FDB0D452581FEC800B3B46F /* Controller */,
				6FDAE8C82580B5100002A3E9 /* AppDelegate.swift */,
				6FDAE8CA2580B5100002A3E9 /* SceneDelegate.swift */,
				6FDAE8D12580B5110002A3E9 /* Assets.xcassets */,
				6FDAE8D32580B5110002A3E9 /* LaunchScreen.storyboard */,
				6FDAE8D62580B5110002A3E9 /* Info.plist */,
			);
			path = ScreenXpress;
			sourceTree = "<group>";
		};
		6FDAE8DE2580B5110002A3E9 /* ScreenXpressTests */ = {
			isa = PBXGroup;
			children = (
				6FDAE8DF2580B5110002A3E9 /* ScreenXpressTests.swift */,
				6FDAE8E12580B5110002A3E9 /* Info.plist */,
			);
			path = ScreenXpressTests;
			sourceTree = "<group>";
		};
		6FDAE8E92580B5110002A3E9 /* ScreenXpressUITests */ = {
			isa = PBXGroup;
			children = (
				6FDAE8EA2580B5110002A3E9 /* ScreenXpressUITests.swift */,
				6FDAE8EC2580B5110002A3E9 /* Info.plist */,
			);
			path = ScreenXpressUITests;
			sourceTree = "<group>";
		};
		6FDB0D432581FEB200B3B46F /* Model */ = {
			isa = PBXGroup;
			children = (
			);
			path = Model;
			sourceTree = "<group>";
		};
		6FDB0D442581FEB900B3B46F /* View */ = {
			isa = PBXGroup;
			children = (
				6FDB0D462581FFE500B3B46F /* OnboardingPage.swift */,
				6FDB0D562582005F00B3B46F /* SXButton.swift */,
			);
			path = View;
			sourceTree = "<group>";
		};
		6FDB0D452581FEC800B3B46F /* Controller */ = {
			isa = PBXGroup;
			children = (
				6FDAE8CC2580B5100002A3E9 /* ViewController.swift */,
			);
			path = Controller;
			sourceTree = "<group>";
		};
/* End PBXGroup section */

/* Begin PBXNativeTarget section */
		6FDAE8C42580B5100002A3E9 /* ScreenXpress */ = {
			isa = PBXNativeTarget;
			buildConfigurationList = 6FDAE8EF2580B5110002A3E9 /* Build configuration list for PBXNativeTarget "ScreenXpress" */;
			buildPhases = (
				6FDAE8C12580B5100002A3E9 /* Sources */,
				6FDAE8C22580B5100002A3E9 /* Frameworks */,
				6FDAE8C32580B5100002A3E9 /* Resources */,
			);
			buildRules = (
			);
			dependencies = (
			);
			name = ScreenXpress;
			productName = ScreenXpress;
			productReference = 6FDAE8C52580B5100002A3E9 /* ScreenXpress.app */;
			productType = "com.apple.product-type.application";
		};
		6FDAE8DA2580B5110002A3E9 /* ScreenXpressTests */ = {
			isa = PBXNativeTarget;
			buildConfigurationList = 6FDAE8F22580B5110002A3E9 /* Build configuration list for PBXNativeTarget "ScreenXpressTests" */;
			buildPhases = (
				6FDAE8D72580B5110002A3E9 /* Sources */,
				6FDAE8D82580B5110002A3E9 /* Frameworks */,
				6FDAE8D92580B5110002A3E9 /* Resources */,
			);
			buildRules = (
			);
			dependencies = (
				6FDAE8DD2580B5110002A3E9 /* PBXTargetDependency */,
			);
			name = ScreenXpressTests;
			productName = ScreenXpressTests;
			productReference = 6FDAE8DB2580B5110002A3E9 /* ScreenXpressTests.xctest */;
			productType = "com.apple.product-type.bundle.unit-test";
		};
		6FDAE8E52580B5110002A3E9 /* ScreenXpressUITests */ = {
			isa = PBXNativeTarget;
			buildConfigurationList = 6FDAE8F52580B5110002A3E9 /* Build configuration list for PBXNativeTarget "ScreenXpressUITests" */;
			buildPhases = (
				6FDAE8E22580B5110002A3E9 /* Sources */,
				6FDAE8E32580B5110002A3E9 /* Frameworks */,
				6FDAE8E42580B5110002A3E9 /* Resources */,
			);
			buildRules = (
			);
			dependencies = (
				6FDAE8E82580B5110002A3E9 /* PBXTargetDependency */,
			);
			name = ScreenXpressUITests;
			productName = ScreenXpressUITests;
			productReference = 6FDAE8E62580B5110002A3E9 /* ScreenXpressUITests.xctest */;
			productType = "com.apple.product-type.bundle.ui-testing";
		};
/* End PBXNativeTarget section */

/* Begin PBXProject section */
		6FDAE8BD2580B5100002A3E9 /* Project object */ = {
			isa = PBXProject;
			attributes = {
				LastSwiftUpdateCheck = 1210;
				LastUpgradeCheck = 1210;
				TargetAttributes = {
					6FDAE8C42580B5100002A3E9 = {
						CreatedOnToolsVersion = 12.1;
					};
					6FDAE8DA2580B5110002A3E9 = {
						CreatedOnToolsVersion = 12.1;
						TestTargetID = 6FDAE8C42580B5100002A3E9;
					};
					6FDAE8E52580B5110002A3E9 = {
						CreatedOnToolsVersion = 12.1;
						TestTargetID = 6FDAE8C42580B5100002A3E9;
					};
				};
			};
			buildConfigurationList = 6FDAE8C02580B5100002A3E9 /* Build configuration list for PBXProject "ScreenXpress" */;
			compatibilityVersion = "Xcode 9.3";
			developmentRegion = en;
			hasScannedForEncodings = 0;
			knownRegions = (
				en,
				Base,
			);
			mainGroup = 6FDAE8BC2580B5100002A3E9;
			productRefGroup = 6FDAE8C62580B5100002A3E9 /* Products */;
			projectDirPath = "";
			projectRoot = "";
			targets = (
				6FDAE8C42580B5100002A3E9 /* ScreenXpress */,
				6FDAE8DA2580B5110002A3E9 /* ScreenXpressTests */,
				6FDAE8E52580B5110002A3E9 /* ScreenXpressUITests */,
			);
		};
/* End PBXProject section */

/* Begin PBXResourcesBuildPhase section */
		6FDAE8C32580B5100002A3E9 /* Resources */ = {
			isa = PBXResourcesBuildPhase;
			buildActionMask = 2147483647;
			files = (
				6FDAE8D52580B5110002A3E9 /* LaunchScreen.storyboard in Resources */,
				6FDAE8D22580B5110002A3E9 /* Assets.xcassets in Resources */,
			);
			runOnlyForDeploymentPostprocessing = 0;
		};
		6FDAE8D92580B5110002A3E9 /* Resources */ = {
			isa = PBXResourcesBuildPhase;
			buildActionMask = 2147483647;
			files = (
			);
			runOnlyForDeploymentPostprocessing = 0;
		};
		6FDAE8E42580B5110002A3E9 /* Resources */ = {
			isa = PBXResourcesBuildPhase;
			buildActionMask = 2147483647;
			files = (
			);
			runOnlyForDeploymentPostprocessing = 0;
		};
/* End PBXResourcesBuildPhase section */

/* Begin PBXSourcesBuildPhase section */
		6FDAE8C12580B5100002A3E9 /* Sources */ = {
			isa = PBXSourcesBuildPhase;
			buildActionMask = 2147483647;
			files = (
				6FDAE8CD2580B5100002A3E9 /* ViewController.swift in Sources */,
				6FDAE8C92580B5100002A3E9 /* AppDelegate.swift in Sources */,
				6FDAE8CB2580B5100002A3E9 /* SceneDelegate.swift in Sources */,
				6FDB0D472581FFE500B3B46F /* OnboardingPage.swift in Sources */,
				6FDB0D572582005F00B3B46F /* SXButton.swift in Sources */,
			);
			runOnlyForDeploymentPostprocessing = 0;
		};
		6FDAE8D72580B5110002A3E9 /* Sources */ = {
			isa = PBXSourcesBuildPhase;
			buildActionMask = 2147483647;
			files = (
				6FDAE8E02580B5110002A3E9 /* ScreenXpressTests.swift in Sources */,
			);
			runOnlyForDeploymentPostprocessing = 0;
		};
		6FDAE8E22580B5110002A3E9 /* Sources */ = {
			isa = PBXSourcesBuildPhase;
			buildActionMask = 2147483647;
			files = (
				6FDAE8EB2580B5110002A3E9 /* ScreenXpressUITests.swift in Sources */,
			);
			runOnlyForDeploymentPostprocessing = 0;
		};
/* End PBXSourcesBuildPhase section */

/* Begin PBXTargetDependency section */
		6FDAE8DD2580B5110002A3E9 /* PBXTargetDependency */ = {
			isa = PBXTargetDependency;
			target = 6FDAE8C42580B5100002A3E9 /* ScreenXpress */;
			targetProxy = 6FDAE8DC2580B5110002A3E9 /* PBXContainerItemProxy */;
		};
		6FDAE8E82580B5110002A3E9 /* PBXTargetDependency */ = {
			isa = PBXTargetDependency;
			target = 6FDAE8C42580B5100002A3E9 /* ScreenXpress */;
			targetProxy = 6FDAE8E72580B5110002A3E9 /* PBXContainerItemProxy */;
		};
/* End PBXTargetDependency section */

/* Begin PBXVariantGroup section */
		6FDAE8D32580B5110002A3E9 /* LaunchScreen.storyboard */ = {
			isa = PBXVariantGroup;
			children = (
				6FDAE8D42580B5110002A3E9 /* Base */,
			);
			name = LaunchScreen.storyboard;
			sourceTree = "<group>";
		};
/* End PBXVariantGroup section */

/* Begin XCBuildConfiguration section */
		6FDAE8ED2580B5110002A3E9 /* Debug */ = {
			isa = XCBuildConfiguration;
			buildSettings = {
				ALWAYS_SEARCH_USER_PATHS = NO;
				CLANG_ANALYZER_NONNULL = YES;
				CLANG_ANALYZER_NUMBER_OBJECT_CONVERSION = YES_AGGRESSIVE;
				CLANG_CXX_LANGUAGE_STANDARD = "gnu++14";
				CLANG_CXX_LIBRARY = "libc++";
				CLANG_ENABLE_MODULES = YES;
				CLANG_ENABLE_OBJC_ARC = YES;
				CLANG_ENABLE_OBJC_WEAK = YES;
				CLANG_WARN_BLOCK_CAPTURE_AUTORELEASING = YES;
				CLANG_WARN_BOOL_CONVERSION = YES;
				CLANG_WARN_COMMA = YES;
				CLANG_WARN_CONSTANT_CONVERSION = YES;
				CLANG_WARN_DEPRECATED_OBJC_IMPLEMENTATIONS = YES;
				CLANG_WARN_DIRECT_OBJC_ISA_USAGE = YES_ERROR;
				CLANG_WARN_DOCUMENTATION_COMMENTS = YES;
				CLANG_WARN_EMPTY_BODY = YES;
				CLANG_WARN_ENUM_CONVERSION = YES;
				CLANG_WARN_INFINITE_RECURSION = YES;
				CLANG_WARN_INT_CONVERSION = YES;
				CLANG_WARN_NON_LITERAL_NULL_CONVERSION = YES;
				CLANG_WARN_OBJC_IMPLICIT_RETAIN_SELF = YES;
				CLANG_WARN_OBJC_LITERAL_CONVERSION = YES;
				CLANG_WARN_OBJC_ROOT_CLASS = YES_ERROR;
				CLANG_WARN_QUOTED_INCLUDE_IN_FRAMEWORK_HEADER = YES;
				CLANG_WARN_RANGE_LOOP_ANALYSIS = YES;
				CLANG_WARN_STRICT_PROTOTYPES = YES;
				CLANG_WARN_SUSPICIOUS_MOVE = YES;
				CLANG_WARN_UNGUARDED_AVAILABILITY = YES_AGGRESSIVE;
				CLANG_WARN_UNREACHABLE_CODE = YES;
				CLANG_WARN__DUPLICATE_METHOD_MATCH = YES;
				COPY_PHASE_STRIP = NO;
				DEBUG_INFORMATION_FORMAT = dwarf;
				ENABLE_STRICT_OBJC_MSGSEND = YES;
				ENABLE_TESTABILITY = YES;
				GCC_C_LANGUAGE_STANDARD = gnu11;
				GCC_DYNAMIC_NO_PIC = NO;
				GCC_NO_COMMON_BLOCKS = YES;
				GCC_OPTIMIZATION_LEVEL = 0;
				GCC_PREPROCESSOR_DEFINITIONS = (
					"DEBUG=1",
					"$(inherited)",
				);
				GCC_WARN_64_TO_32_BIT_CONVERSION = YES;
				GCC_WARN_ABOUT_RETURN_TYPE = YES_ERROR;
				GCC_WARN_UNDECLARED_SELECTOR = YES;
				GCC_WARN_UNINITIALIZED_AUTOS = YES_AGGRESSIVE;
				GCC_WARN_UNUSED_FUNCTION = YES;
				GCC_WARN_UNUSED_VARIABLE = YES;
				IPHONEOS_DEPLOYMENT_TARGET = 14.1;
				MTL_ENABLE_DEBUG_INFO = INCLUDE_SOURCE;
				MTL_FAST_MATH = YES;
				ONLY_ACTIVE_ARCH = YES;
				SDKROOT = iphoneos;
				SWIFT_ACTIVE_COMPILATION_CONDITIONS = DEBUG;
				SWIFT_OPTIMIZATION_LEVEL = "-Onone";
			};
			name = Debug;
		};
		6FDAE8EE2580B5110002A3E9 /* Release */ = {
			isa = XCBuildConfiguration;
			buildSettings = {
				ALWAYS_SEARCH_USER_PATHS = NO;
				CLANG_ANALYZER_NONNULL = YES;
				CLANG_ANALYZER_NUMBER_OBJECT_CONVERSION = YES_AGGRESSIVE;
				CLANG_CXX_LANGUAGE_STANDARD = "gnu++14";
				CLANG_CXX_LIBRARY = "libc++";
				CLANG_ENABLE_MODULES = YES;
				CLANG_ENABLE_OBJC_ARC = YES;
				CLANG_ENABLE_OBJC_WEAK = YES;
				CLANG_WARN_BLOCK_CAPTURE_AUTORELEASING = YES;
				CLANG_WARN_BOOL_CONVERSION = YES;
				CLANG_WARN_COMMA = YES;
				CLANG_WARN_CONSTANT_CONVERSION = YES;
				CLANG_WARN_DEPRECATED_OBJC_IMPLEMENTATIONS = YES;
				CLANG_WARN_DIRECT_OBJC_ISA_USAGE = YES_ERROR;
				CLANG_WARN_DOCUMENTATION_COMMENTS = YES;
				CLANG_WARN_EMPTY_BODY = YES;
				CLANG_WARN_ENUM_CONVERSION = YES;
				CLANG_WARN_INFINITE_RECURSION = YES;
				CLANG_WARN_INT_CONVERSION = YES;
				CLANG_WARN_NON_LITERAL_NULL_CONVERSION = YES;
				CLANG_WARN_OBJC_IMPLICIT_RETAIN_SELF = YES;
				CLANG_WARN_OBJC_LITERAL_CONVERSION = YES;
				CLANG_WARN_OBJC_ROOT_CLASS = YES_ERROR;
				CLANG_WARN_QUOTED_INCLUDE_IN_FRAMEWORK_HEADER = YES;
				CLANG_WARN_RANGE_LOOP_ANALYSIS = YES;
				CLANG_WARN_STRICT_PROTOTYPES = YES;
				CLANG_WARN_SUSPICIOUS_MOVE = YES;
				CLANG_WARN_UNGUARDED_AVAILABILITY = YES_AGGRESSIVE;
				CLANG_WARN_UNREACHABLE_CODE = YES;
				CLANG_WARN__DUPLICATE_METHOD_MATCH = YES;
				COPY_PHASE_STRIP = NO;
				DEBUG_INFORMATION_FORMAT = "dwarf-with-dsym";
				ENABLE_NS_ASSERTIONS = NO;
				ENABLE_STRICT_OBJC_MSGSEND = YES;
				GCC_C_LANGUAGE_STANDARD = gnu11;
				GCC_NO_COMMON_BLOCKS = YES;
				GCC_WARN_64_TO_32_BIT_CONVERSION = YES;
				GCC_WARN_ABOUT_RETURN_TYPE = YES_ERROR;
				GCC_WARN_UNDECLARED_SELECTOR = YES;
				GCC_WARN_UNINITIALIZED_AUTOS = YES_AGGRESSIVE;
				GCC_WARN_UNUSED_FUNCTION = YES;
				GCC_WARN_UNUSED_VARIABLE = YES;
				IPHONEOS_DEPLOYMENT_TARGET = 14.1;
				MTL_ENABLE_DEBUG_INFO = NO;
				MTL_FAST_MATH = YES;
				SDKROOT = iphoneos;
				SWIFT_COMPILATION_MODE = wholemodule;
				SWIFT_OPTIMIZATION_LEVEL = "-O";
				VALIDATE_PRODUCT = YES;
			};
			name = Release;
		};
		6FDAE8F02580B5110002A3E9 /* Debug */ = {
			isa = XCBuildConfiguration;
			buildSettings = {
				ASSETCATALOG_COMPILER_APPICON_NAME = AppIcon;
				ASSETCATALOG_COMPILER_GLOBAL_ACCENT_COLOR_NAME = AccentColor;
				CODE_SIGN_STYLE = Automatic;
				INFOPLIST_FILE = ScreenXpress/Info.plist;
				LD_RUNPATH_SEARCH_PATHS = (
					"$(inherited)",
					"@executable_path/Frameworks",
				);
				PRODUCT_BUNDLE_IDENTIFIER = com.ScreenXpress;
				PRODUCT_NAME = "$(TARGET_NAME)";
				SWIFT_VERSION = 5.0;
				TARGETED_DEVICE_FAMILY = "1,2";
			};
			name = Debug;
		};
		6FDAE8F12580B5110002A3E9 /* Release */ = {
			isa = XCBuildConfiguration;
			buildSettings = {
				ASSETCATALOG_COMPILER_APPICON_NAME = AppIcon;
				ASSETCATALOG_COMPILER_GLOBAL_ACCENT_COLOR_NAME = AccentColor;
				CODE_SIGN_STYLE = Automatic;
				INFOPLIST_FILE = ScreenXpress/Info.plist;
				LD_RUNPATH_SEARCH_PATHS = (
					"$(inherited)",
					"@executable_path/Frameworks",
				);
				PRODUCT_BUNDLE_IDENTIFIER = com.ScreenXpress;
				PRODUCT_NAME = "$(TARGET_NAME)";
				SWIFT_VERSION = 5.0;
				TARGETED_DEVICE_FAMILY = "1,2";
			};
			name = Release;
		};
		6FDAE8F32580B5110002A3E9 /* Debug */ = {
			isa = XCBuildConfiguration;
			buildSettings = {
				ALWAYS_EMBED_SWIFT_STANDARD_LIBRARIES = YES;
				BUNDLE_LOADER = "$(TEST_HOST)";
				CODE_SIGN_STYLE = Automatic;
				INFOPLIST_FILE = ScreenXpressTests/Info.plist;
				IPHONEOS_DEPLOYMENT_TARGET = 14.1;
				LD_RUNPATH_SEARCH_PATHS = (
					"$(inherited)",
					"@executable_path/Frameworks",
					"@loader_path/Frameworks",
				);
				PRODUCT_BUNDLE_IDENTIFIER = com.ScreenXpressTests;
				PRODUCT_NAME = "$(TARGET_NAME)";
				SWIFT_VERSION = 5.0;
				TARGETED_DEVICE_FAMILY = "1,2";
				TEST_HOST = "$(BUILT_PRODUCTS_DIR)/ScreenXpress.app/ScreenXpress";
			};
			name = Debug;
		};
		6FDAE8F42580B5110002A3E9 /* Release */ = {
			isa = XCBuildConfiguration;
			buildSettings = {
				ALWAYS_EMBED_SWIFT_STANDARD_LIBRARIES = YES;
				BUNDLE_LOADER = "$(TEST_HOST)";
				CODE_SIGN_STYLE = Automatic;
				INFOPLIST_FILE = ScreenXpressTests/Info.plist;
				IPHONEOS_DEPLOYMENT_TARGET = 14.1;
				LD_RUNPATH_SEARCH_PATHS = (
					"$(inherited)",
					"@executable_path/Frameworks",
					"@loader_path/Frameworks",
				);
				PRODUCT_BUNDLE_IDENTIFIER = com.ScreenXpressTests;
				PRODUCT_NAME = "$(TARGET_NAME)";
				SWIFT_VERSION = 5.0;
				TARGETED_DEVICE_FAMILY = "1,2";
				TEST_HOST = "$(BUILT_PRODUCTS_DIR)/ScreenXpress.app/ScreenXpress";
			};
			name = Release;
		};
		6FDAE8F62580B5110002A3E9 /* Debug */ = {
			isa = XCBuildConfiguration;
			buildSettings = {
				ALWAYS_EMBED_SWIFT_STANDARD_LIBRARIES = YES;
				CODE_SIGN_STYLE = Automatic;
				INFOPLIST_FILE = ScreenXpressUITests/Info.plist;
				LD_RUNPATH_SEARCH_PATHS = (
					"$(inherited)",
					"@executable_path/Frameworks",
					"@loader_path/Frameworks",
				);
				PRODUCT_BUNDLE_IDENTIFIER = com.ScreenXpressUITests;
				PRODUCT_NAME = "$(TARGET_NAME)";
				SWIFT_VERSION = 5.0;
				TARGETED_DEVICE_FAMILY = "1,2";
				TEST_TARGET_NAME = ScreenXpress;
			};
			name = Debug;
		};
		6FDAE8F72580B5110002A3E9 /* Release */ = {
			isa = XCBuildConfiguration;
			buildSettings = {
				ALWAYS_EMBED_SWIFT_STANDARD_LIBRARIES = YES;
				CODE_SIGN_STYLE = Automatic;
				INFOPLIST_FILE = ScreenXpressUITests/Info.plist;
				LD_RUNPATH_SEARCH_PATHS = (
					"$(inherited)",
					"@executable_path/Frameworks",
					"@loader_path/Frameworks",
				);
				PRODUCT_BUNDLE_IDENTIFIER = com.ScreenXpressUITests;
				PRODUCT_NAME = "$(TARGET_NAME)";
				SWIFT_VERSION = 5.0;
				TARGETED_DEVICE_FAMILY = "1,2";
				TEST_TARGET_NAME = ScreenXpress;
			};
			name = Release;
		};
/* End XCBuildConfiguration section */

/* Begin XCConfigurationList section */
		6FDAE8C02580B5100002A3E9 /* Build configuration list for PBXProject "ScreenXpress" */ = {
			isa = XCConfigurationList;
			buildConfigurations = (
				6FDAE8ED2580B5110002A3E9 /* Debug */,
				6FDAE8EE2580B5110002A3E9 /* Release */,
			);
			defaultConfigurationIsVisible = 0;
			defaultConfigurationName = Release;
		};
		6FDAE8EF2580B5110002A3E9 /* Build configuration list for PBXNativeTarget "ScreenXpress" */ = {
			isa = XCConfigurationList;
			buildConfigurations = (
				6FDAE8F02580B5110002A3E9 /* Debug */,
				6FDAE8F12580B5110002A3E9 /* Release */,
			);
			defaultConfigurationIsVisible = 0;
			defaultConfigurationName = Release;
		};
		6FDAE8F22580B5110002A3E9 /* Build configuration list for PBXNativeTarget "ScreenXpressTests" */ = {
			isa = XCConfigurationList;
			buildConfigurations = (
				6FDAE8F32580B5110002A3E9 /* Debug */,
				6FDAE8F42580B5110002A3E9 /* Release */,
			);
			defaultConfigurationIsVisible = 0;
			defaultConfigurationName = Release;
		};
		6FDAE8F52580B5110002A3E9 /* Build configuration list for PBXNativeTarget "ScreenXpressUITests" */ = {
			isa = XCConfigurationList;
			buildConfigurations = (
				6FDAE8F62580B5110002A3E9 /* Debug */,
				6FDAE8F72580B5110002A3E9 /* Release */,
			);
			defaultConfigurationIsVisible = 0;
			defaultConfigurationName = Release;
		};
/* End XCConfigurationList section */
	};
	rootObject = 6FDAE8BD2580B5100002A3E9 /* Project object */;
}
